
Microsoft Visual Studio Solution File, Format Version 11.00
# Visual Studio 2010
Project("{8BC9CEB8-8B4A-11D0-8D11-00A0C91BC942}") = "OpenCVTest", "OpenCVTest\OpenCVTest.vcxproj", "{8471DD22-1B4D-43C7-971F-2F28B0168A5B}"
EndProject
Project("{2150E333-8FDC-42A3-9474-1A3956D46DE8}") = "Solution Items", "Solution Items", "{BB8E3B22-C289-423D-857A-526BECF68F8D}"
	ProjectSection(SolutionItems) = preProject
		Performance1.psess = Performance1.psess
	EndProjectSection
EndProject
Global
	GlobalSection(SolutionConfigurationPlatforms) = preSolution
		Debug|Win32 = Debug|Win32
		Debug|x64 = Debug|x64
		Release|Win32 = Release|Win32
		Release|x64 = Release|x64
	EndGlobalSection
	GlobalSection(ProjectConfigurationPlatforms) = postSolution
		{8471DD22-1B4D-43C7-971F-2F28B0168A5B}.Debug|Win32.ActiveCfg = Debug|Win32
		{8471DD22-1B4D-43C7-971F-2F28B0168A5B}.Debug|Win32.Build.0 = Debug|Win32
		{8471DD22-1B4D-43C7-971F-2F28B0168A5B}.Debug|x64.ActiveCfg = Debug|x64
		{8471DD22-1B4D-43C7-971F-2F28B0168A5B}.Debug|x64.Build.0 = Debug|x64
		{8471DD22-1B4D-43C7-971F-2F28B0168A5B}.Release|Win32.ActiveCfg = Release|Win32
		{8471DD22-1B4D-43C7-971F-2F28B0168A5B}.Release|Win32.Build.0 = Release|Win32
		{8471DD22-1B4D-43C7-971F-2F28B0168A5B}.Release|x64.ActiveCfg = Release|x64
		{8471DD22-1B4D-43C7-971F-2F28B0168A5B}.Release|x64.Build.0 = Release|x64
	EndGlobalSection
	GlobalSection(SolutionProperties) = preSolution
		HideSolutionNode = FALSE
	EndGlobalSection
EndGlobal
